
Microsoft Visual Studio Solution File, Format Version 12.00
# Visual Studio Version 17
VisualStudioVersion = 17.13.35818.85
MinimumVisualStudioVersion = 10.0.40219.1
Project("{FAE04EC0-301F-11D3-BF4B-00C04F79EFBC}") = "TelegramWordBot", "TelegramWordBot.csproj", "{DDCB96D6-A0E6-47D0-B7D2-0EC42D19C2D5}"
EndProject
Project("{FAE04EC0-301F-11D3-BF4B-00C04F79EFBC}") = "TelegramWordBot.Test", "..\TelegramWordBot.Test\TelegramWordBot.Test.csproj", "{D8DFEC34-68A0-B7BF-CD71-832096D04D3B}"
EndProject
Global
	GlobalSection(SolutionConfigurationPlatforms) = preSolution
		Debug|Any CPU = Debug|Any CPU
		Release|Any CPU = Release|Any CPU
	EndGlobalSection
	GlobalSection(ProjectConfigurationPlatforms) = postSolution
		{DDCB96D6-A0E6-47D0-B7D2-0EC42D19C2D5}.Debug|Any CPU.ActiveCfg = Debug|Any CPU
		{DDCB96D6-A0E6-47D0-B7D2-0EC42D19C2D5}.Debug|Any CPU.Build.0 = Debug|Any CPU
		{DDCB96D6-A0E6-47D0-B7D2-0EC42D19C2D5}.Release|Any CPU.ActiveCfg = Release|Any CPU
		{DDCB96D6-A0E6-47D0-B7D2-0EC42D19C2D5}.Release|Any CPU.Build.0 = Release|Any CPU
		{D8DFEC34-68A0-B7BF-CD71-832096D04D3B}.Debug|Any CPU.ActiveCfg = Debug|Any CPU
		{D8DFEC34-68A0-B7BF-CD71-832096D04D3B}.Debug|Any CPU.Build.0 = Debug|Any CPU
		{D8DFEC34-68A0-B7BF-CD71-832096D04D3B}.Release|Any CPU.ActiveCfg = Release|Any CPU
		{D8DFEC34-68A0-B7BF-CD71-832096D04D3B}.Release|Any CPU.Build.0 = Release|Any CPU
	EndGlobalSection
	GlobalSection(SolutionProperties) = preSolution
		HideSolutionNode = FALSE
	EndGlobalSection
	GlobalSection(ExtensibilityGlobals) = postSolution
		SolutionGuid = {357922BD-50B0-43D1-8E01-38BC2871C91D}
	EndGlobalSection
EndGlobal
